
Microsoft Visual Studio Solution File, Format Version 12.00
# Visual Studio 15
VisualStudioVersion = 15.0.26730.15
MinimumVisualStudioVersion = 10.0.40219.1
Project("{8BC9CEB8-8B4A-11D0-8D11-00A0C91BC942}") = "xcurl", "xcurl\xcurl.vcxproj", "{F323F7E4-A479-4B56-A099-AC42F9DF6CF5}"
EndProject
Global
	GlobalSection(SolutionConfigurationPlatforms) = preSolution
		Debug|x64 = Debug|x64
		Debug|x86 = Debug|x86
		Release|x64 = Release|x64
		Release|x86 = Release|x86
	EndGlobalSection
	GlobalSection(ProjectConfigurationPlatforms) = postSolution
		{F323F7E4-A479-4B56-A099-AC42F9DF6CF5}.Debug|x64.ActiveCfg = Debug|x64
		{F323F7E4-A479-4B56-A099-AC42F9DF6CF5}.Debug|x64.Build.0 = Debug|x64
		{F323F7E4-A479-4B56-A099-AC42F9DF6CF5}.Debug|x86.ActiveCfg = Debug|Win32
		{F323F7E4-A479-4B56-A099-AC42F9DF6CF5}.Debug|x86.Build.0 = Debug|Win32
		{F323F7E4-A479-4B56-A099-AC42F9DF6CF5}.Release|x64.ActiveCfg = Release|x64
		{F323F7E4-A479-4B56-A099-AC42F9DF6CF5}.Release|x64.Build.0 = Release|x64
		{F323F7E4-A479-4B56-A099-AC42F9DF6CF5}.Release|x86.ActiveCfg = Release|Win32
		{F323F7E4-A479-4B56-A099-AC42F9DF6CF5}.Release|x86.Build.0 = Release|Win32
	EndGlobalSection
	GlobalSection(SolutionProperties) = preSolution
		HideSolutionNode = FALSE
	EndGlobalSection
	GlobalSection(ExtensibilityGlobals) = postSolution
		SolutionGuid = {EB498EAF-1071-4438-AAC1-820437440450}
	EndGlobalSection
EndGlobal
